{
  "requires": true,
  "lockfileVersion": 1,
  "dependencies": {
    "scrollable-component": {
      "version": "1.2.1",
      "resolved": "https://registry.npmjs.org/scrollable-component/-/scrollable-component-1.2.1.tgz",
      "integrity": "sha512-NwzS5uaBHkpnLTKKRoJnck3ZhJE+Erya334od8x7JcEZmeo4iNlUmxOglpZSPYbOxSkw6wFDMIeyd/wgbC6qRA=="
    },
    "unicode-emoji": {
      "version": "2.3.0",
      "resolved": "https://registry.npmjs.org/unicode-emoji/-/unicode-emoji-2.3.0.tgz",
      "integrity": "sha512-XfgzxY9hUAXlZdkR8X+QdeQ4yV9gUs6qVYDncBiJiCEJ74mhVxEEdXz2slZU9ahQGUscKO1Aqo6PGLTu4Cgb7g=="
    },
    "unicode-emoji-picker": {
      "version": "1.2.1",
      "resolved": "https://registry.npmjs.org/unicode-emoji-picker/-/unicode-emoji-picker-1.2.1.tgz",
      "integrity": "sha512-AKV/qZVG9+IS81XOztnWWTo7f6jz86yA3yrIG/GYEa+3iolUURUObew+kQ/O7SzVHOO2udBJ3DtTboFYrP+8kg==",
      "requires": {
        "scrollable-component": "^1.1.2",
        "unicode-emoji": "^2.3.0"
      }
    }
  }
}
